
Microsoft Visual Studio Solution File, Format Version 12.00
# Visual Studio 15
VisualStudioVersion = 15.0.27130.2024
MinimumVisualStudioVersion = 10.0.40219.1
Project("{FAE04EC0-301F-11D3-BF4B-00C04F79EFBC}") = "DailyUpdate-v3.1", "DailyUpdate-v3.1\DailyUpdate-v3.1.csproj", "{4D7D3FFF-628D-42DD-A3DC-7F9026813EB5}"
EndProject
Global
	GlobalSection(SolutionConfigurationPlatforms) = preSolution
		Debug|Any CPU = Debug|Any CPU
		Release|Any CPU = Release|Any CPU
	EndGlobalSection
	GlobalSection(ProjectConfigurationPlatforms) = postSolution
		{4D7D3FFF-628D-42DD-A3DC-7F9026813EB5}.Debug|Any CPU.ActiveCfg = Debug|Any CPU
		{4D7D3FFF-628D-42DD-A3DC-7F9026813EB5}.Debug|Any CPU.Build.0 = Debug|Any CPU
		{4D7D3FFF-628D-42DD-A3DC-7F9026813EB5}.Release|Any CPU.ActiveCfg = Release|Any CPU
		{4D7D3FFF-628D-42DD-A3DC-7F9026813EB5}.Release|Any CPU.Build.0 = Release|Any CPU
	EndGlobalSection
	GlobalSection(SolutionProperties) = preSolution
		HideSolutionNode = FALSE
	EndGlobalSection
	GlobalSection(ExtensibilityGlobals) = postSolution
		SolutionGuid = {F138EDE7-E2FE-4C93-9758-72DF3A3231E0}
	EndGlobalSection
EndGlobal
